
Microsoft Visual Studio Solution File, Format Version 12.00
# Visual Studio Version 16
VisualStudioVersion = 16.0.31205.134
MinimumVisualStudioVersion = 10.0.40219.1
Project("{FAE04EC0-301F-11D3-BF4B-00C04F79EFBC}") = "Blockbuster Movie", "Blockbuster Movie\Blockbuster Movie.csproj", "{BA9B5F7A-1044-47B8-A58E-FC11BA801E47}"
EndProject
Global
	GlobalSection(SolutionConfigurationPlatforms) = preSolution
		Debug|Any CPU = Debug|Any CPU
		Release|Any CPU = Release|Any CPU
	EndGlobalSection
	GlobalSection(ProjectConfigurationPlatforms) = postSolution
		{BA9B5F7A-1044-47B8-A58E-FC11BA801E47}.Debug|Any CPU.ActiveCfg = Debug|Any CPU
		{BA9B5F7A-1044-47B8-A58E-FC11BA801E47}.Debug|Any CPU.Build.0 = Debug|Any CPU
		{BA9B5F7A-1044-47B8-A58E-FC11BA801E47}.Release|Any CPU.ActiveCfg = Release|Any CPU
		{BA9B5F7A-1044-47B8-A58E-FC11BA801E47}.Release|Any CPU.Build.0 = Release|Any CPU
	EndGlobalSection
	GlobalSection(SolutionProperties) = preSolution
		HideSolutionNode = FALSE
	EndGlobalSection
	GlobalSection(ExtensibilityGlobals) = postSolution
		SolutionGuid = {C8C10DA1-4677-427A-A20E-2ACA6FCE78FF}
	EndGlobalSection
EndGlobal
